
Microsoft Visual Studio Solution File, Format Version 12.00
# Visual Studio Version 17
VisualStudioVersion = 17.8.34601.278
MinimumVisualStudioVersion = 10.0.40219.1
Project("{FAE04EC0-301F-11D3-BF4B-00C04F79EFBC}") = "sc-repro", "sc-repro\sc-repro.csproj", "{063A0914-13E8-4E54-9565-DAB1A781872C}"
EndProject
Global
	GlobalSection(SolutionConfigurationPlatforms) = preSolution
		Debug|Any CPU = Debug|Any CPU
		Release|Any CPU = Release|Any CPU
	EndGlobalSection
	GlobalSection(ProjectConfigurationPlatforms) = postSolution
		{063A0914-13E8-4E54-9565-DAB1A781872C}.Debug|Any CPU.ActiveCfg = Debug|Any CPU
		{063A0914-13E8-4E54-9565-DAB1A781872C}.Debug|Any CPU.Build.0 = Debug|Any CPU
		{063A0914-13E8-4E54-9565-DAB1A781872C}.Release|Any CPU.ActiveCfg = Release|Any CPU
		{063A0914-13E8-4E54-9565-DAB1A781872C}.Release|Any CPU.Build.0 = Release|Any CPU
	EndGlobalSection
	GlobalSection(SolutionProperties) = preSolution
		HideSolutionNode = FALSE
	EndGlobalSection
	GlobalSection(ExtensibilityGlobals) = postSolution
		SolutionGuid = {657D986E-4388-4966-B048-665399CA3CE5}
	EndGlobalSection
EndGlobal
